// !$*UTF8*$!
{
	archiveVersion = 1;
	classes = {
	};
	objectVersion = 56;
	objects = {

/* Begin PBXBuildFile section */
		9201F97D2A7852AE00A6021A /* CreateRecipeViewModel.swift in Sources */ = {isa = PBXBuildFile; fileRef = 9201F97C2A7852AE00A6021A /* CreateRecipeViewModel.swift */; };
		9201F9802A795F9000A6021A /* EditableRecipeModel.swift in Sources */ = {isa = PBXBuildFile; fileRef = 9201F97F2A795F9000A6021A /* EditableRecipeModel.swift */; };
		9201F9852A7AF14800A6021A /* RecipeJSONParser.swift in Sources */ = {isa = PBXBuildFile; fileRef = 9201F9842A7AF14800A6021A /* RecipeJSONParser.swift */; };
		9201F9872A7AF22C00A6021A /* JSONParser.swift in Sources */ = {isa = PBXBuildFile; fileRef = 9201F9862A7AF22C00A6021A /* JSONParser.swift */; };
		9201F98B2A7B049100A6021A /* ContentViewModelTests.swift in Sources */ = {isa = PBXBuildFile; fileRef = 9201F98A2A7B049100A6021A /* ContentViewModelTests.swift */; };
		9201F98D2A7B049F00A6021A /* RecipeViewModelTests.swift in Sources */ = {isa = PBXBuildFile; fileRef = 9201F98C2A7B049F00A6021A /* RecipeViewModelTests.swift */; };
		9201F9952A7C250000A6021A /* DataManager.swift in Sources */ = {isa = PBXBuildFile; fileRef = 9201F9942A7C250000A6021A /* DataManager.swift */; };
		9201F9972A7C50E600A6021A /* CreateRecipeViewModelTests.swift in Sources */ = {isa = PBXBuildFile; fileRef = 9201F9962A7C50E600A6021A /* CreateRecipeViewModelTests.swift */; };
		9201F99B2A7C843600A6021A /* MockNetworkManager.swift in Sources */ = {isa = PBXBuildFile; fileRef = 9201F9992A7C6FB800A6021A /* MockNetworkManager.swift */; };
		9201F99D2A7D426000A6021A /* MockDataManager.swift in Sources */ = {isa = PBXBuildFile; fileRef = 9201F99C2A7D426000A6021A /* MockDataManager.swift */; };
		920DA3572A6EED7E0086ADB5 /* StringExtensions.swift in Sources */ = {isa = PBXBuildFile; fileRef = 920DA3562A6EED7E0086ADB5 /* StringExtensions.swift */; };
		920DA3592A6F053A0086ADB5 /* LoadingView.swift in Sources */ = {isa = PBXBuildFile; fileRef = 920DA3582A6F053A0086ADB5 /* LoadingView.swift */; };
		920DA35B2A6F0B7E0086ADB5 /* ViewState.swift in Sources */ = {isa = PBXBuildFile; fileRef = 920DA35A2A6F0B7E0086ADB5 /* ViewState.swift */; };
		920DA35E2A6F0EF70086ADB5 /* Lottie in Frameworks */ = {isa = PBXBuildFile; productRef = 920DA35D2A6F0EF70086ADB5 /* Lottie */; };
		920DA3602A6F0F8C0086ADB5 /* LottieView.swift in Sources */ = {isa = PBXBuildFile; fileRef = 920DA35F2A6F0F8C0086ADB5 /* LottieView.swift */; };
		920DA3632A701BF10086ADB5 /* EditableSectionView.swift in Sources */ = {isa = PBXBuildFile; fileRef = 920DA3622A701BF10086ADB5 /* EditableSectionView.swift */; };
		920DA3652A70225E0086ADB5 /* EditableHeaderView.swift in Sources */ = {isa = PBXBuildFile; fileRef = 920DA3642A70225E0086ADB5 /* EditableHeaderView.swift */; };
		920DA3682A70269F0086ADB5 /* ViewExtensions.swift in Sources */ = {isa = PBXBuildFile; fileRef = 920DA3672A70269F0086ADB5 /* ViewExtensions.swift */; };
		920DA36B2A70270F0086ADB5 /* EditableToolbar.swift in Sources */ = {isa = PBXBuildFile; fileRef = 920DA36A2A70270F0086ADB5 /* EditableToolbar.swift */; };
		920DA36D2A702B830086ADB5 /* EditableDescriptionView.swift in Sources */ = {isa = PBXBuildFile; fileRef = 920DA36C2A702B830086ADB5 /* EditableDescriptionView.swift */; };
		9211021C2A7D560F00F34E5A /* NetworkProtocolTests.swift in Sources */ = {isa = PBXBuildFile; fileRef = 9211021B2A7D560F00F34E5A /* NetworkProtocolTests.swift */; };
		9211021E2A7D6B2B00F34E5A /* MockNetworkRequest.swift in Sources */ = {isa = PBXBuildFile; fileRef = 9211021D2A7D6B2B00F34E5A /* MockNetworkRequest.swift */; };
		921102242A7EA08100F34E5A /* NetworkManagerTests.swift in Sources */ = {isa = PBXBuildFile; fileRef = 921102232A7EA08100F34E5A /* NetworkManagerTests.swift */; };
		921102262A7EA6BD00F34E5A /* JSONParserTests.swift in Sources */ = {isa = PBXBuildFile; fileRef = 921102252A7EA6BD00F34E5A /* JSONParserTests.swift */; };
		9235E0882A7EB35F000B05EF /* test_data_1.html in Resources */ = {isa = PBXBuildFile; fileRef = 9235E0872A7EB35F000B05EF /* test_data_1.html */; };
		9235E08A2A7EBAC4000B05EF /* test_data_2.html in Resources */ = {isa = PBXBuildFile; fileRef = 9235E0892A7EBAC4000B05EF /* test_data_2.html */; };
		9235E08C2A7EC0F4000B05EF /* test_data_3.html in Resources */ = {isa = PBXBuildFile; fileRef = 9235E08B2A7EC0F4000B05EF /* test_data_3.html */; };
		9235E08E2A7EC4B6000B05EF /* DataManagerTests.swift in Sources */ = {isa = PBXBuildFile; fileRef = 9235E08D2A7EC4B6000B05EF /* DataManagerTests.swift */; };
		9247212C2A75B06500D879CA /* EmptyListView.swift in Sources */ = {isa = PBXBuildFile; fileRef = 9247212B2A75B06500D879CA /* EmptyListView.swift */; };
		9247212F2A75B94100D879CA /* Localizable.strings in Resources */ = {isa = PBXBuildFile; fileRef = 9247212E2A75B94100D879CA /* Localizable.strings */; };
		92535C232A7174F1003E30BD /* NetworkProtocol.swift in Sources */ = {isa = PBXBuildFile; fileRef = 92535C222A7174F1003E30BD /* NetworkProtocol.swift */; };
		925DCBF32A65F40A00B84A38 /* ErrorTypes.swift in Sources */ = {isa = PBXBuildFile; fileRef = 925DCBF22A65F40A00B84A38 /* ErrorTypes.swift */; };
		925DCBF52A65FBFC00B84A38 /* RecipeView.swift in Sources */ = {isa = PBXBuildFile; fileRef = 925DCBF42A65FBFC00B84A38 /* RecipeView.swift */; };
		9266876B2A608C9200117A59 /* RecipeSafeApp.swift in Sources */ = {isa = PBXBuildFile; fileRef = 9266876A2A608C9200117A59 /* RecipeSafeApp.swift */; };
		9266876F2A608C9200117A59 /* Assets.xcassets in Resources */ = {isa = PBXBuildFile; fileRef = 9266876E2A608C9200117A59 /* Assets.xcassets */; };
		926687722A608C9200117A59 /* Preview Assets.xcassets in Resources */ = {isa = PBXBuildFile; fileRef = 926687712A608C9200117A59 /* Preview Assets.xcassets */; };
		926687742A608C9200117A59 /* Persistence.swift in Sources */ = {isa = PBXBuildFile; fileRef = 926687732A608C9200117A59 /* Persistence.swift */; };
		926687772A608C9200117A59 /* RecipeSafe.xcdatamodeld in Sources */ = {isa = PBXBuildFile; fileRef = 926687752A608C9200117A59 /* RecipeSafe.xcdatamodeld */; };
		9266878B2A608C9300117A59 /* RecipeSafeUITests.swift in Sources */ = {isa = PBXBuildFile; fileRef = 9266878A2A608C9300117A59 /* RecipeSafeUITests.swift */; };
		9266878D2A608C9300117A59 /* RecipeSafeUITestsLaunchTests.swift in Sources */ = {isa = PBXBuildFile; fileRef = 9266878C2A608C9300117A59 /* RecipeSafeUITestsLaunchTests.swift */; };
		9266879B2A608E3D00117A59 /* SwiftSoup in Frameworks */ = {isa = PBXBuildFile; productRef = 9266879A2A608E3D00117A59 /* SwiftSoup */; };
		9266879D2A608F6400117A59 /* NetworkManager.swift in Sources */ = {isa = PBXBuildFile; fileRef = 9266879C2A608F6400117A59 /* NetworkManager.swift */; };
		926687A02A6094CB00117A59 /* SwiftyJSON in Frameworks */ = {isa = PBXBuildFile; productRef = 9266879F2A6094CB00117A59 /* SwiftyJSON */; };
		926687A22A60A26600117A59 /* Recipe.swift in Sources */ = {isa = PBXBuildFile; fileRef = 926687A12A60A26600117A59 /* Recipe.swift */; };
		926687A42A60CA9E00117A59 /* ContentViewModel.swift in Sources */ = {isa = PBXBuildFile; fileRef = 926687A32A60CA9E00117A59 /* ContentViewModel.swift */; };
		926687AC2A619ABE00117A59 /* ShareViewController.swift in Sources */ = {isa = PBXBuildFile; fileRef = 926687AB2A619ABE00117A59 /* ShareViewController.swift */; };
		926687B32A619ABE00117A59 /* Shared.appex in Embed Foundation Extensions */ = {isa = PBXBuildFile; fileRef = 926687A92A619ABE00117A59 /* Shared.appex */; settings = {ATTRIBUTES = (RemoveHeadersOnCopy, ); }; };
		9268BDC62A8C73AB00366964 /* TutorialView.swift in Sources */ = {isa = PBXBuildFile; fileRef = 9268BDC52A8C73AB00366964 /* TutorialView.swift */; };
		9268BDC82A8C749F00366964 /* TutorialViewModel.swift in Sources */ = {isa = PBXBuildFile; fileRef = 9268BDC72A8C749F00366964 /* TutorialViewModel.swift */; };
		9268BDCA2A8D18C700366964 /* UserDefaultsExtensions.swift in Sources */ = {isa = PBXBuildFile; fileRef = 9268BDC92A8D18C700366964 /* UserDefaultsExtensions.swift */; };
		9268BDD02A8E51B300366964 /* TutorialPageView.swift in Sources */ = {isa = PBXBuildFile; fileRef = 9268BDCF2A8E51B300366964 /* TutorialPageView.swift */; };
		9268BDD42A8EEA4400366964 /* GroupHeaderImage.swift in Sources */ = {isa = PBXBuildFile; fileRef = 9268BDD32A8EEA4400366964 /* GroupHeaderImage.swift */; };
		926A4A8F2A71FD9000457935 /* NetworkRequest.swift in Sources */ = {isa = PBXBuildFile; fileRef = 926A4A8E2A71FD9000457935 /* NetworkRequest.swift */; };
		926A4A932A72B7AC00457935 /* RecipeRequest.swift in Sources */ = {isa = PBXBuildFile; fileRef = 926A4A922A72B7AC00457935 /* RecipeRequest.swift */; };
		9272DD1D2A85D52400DD4549 /* GroupViewModel.swift in Sources */ = {isa = PBXBuildFile; fileRef = 9272DD1C2A85D52400DD4549 /* GroupViewModel.swift */; };
		9272DD1F2A867A7C00DD4549 /* GridButton.swift in Sources */ = {isa = PBXBuildFile; fileRef = 9272DD1E2A867A7C00DD4549 /* GridButton.swift */; };
		9272DD212A8691E600DD4549 /* InsertGridButton.swift in Sources */ = {isa = PBXBuildFile; fileRef = 9272DD202A8691E600DD4549 /* InsertGridButton.swift */; };
		9272DD232A86944000DD4549 /* NewGroupPopover.swift in Sources */ = {isa = PBXBuildFile; fileRef = 9272DD222A86944000DD4549 /* NewGroupPopover.swift */; };
		9272DD252A86D1E800DD4549 /* GroupModel.swift in Sources */ = {isa = PBXBuildFile; fileRef = 9272DD242A86D1E800DD4549 /* GroupModel.swift */; };
		9272DD282A86F72400DD4549 /* AddRecipePopover.swift in Sources */ = {isa = PBXBuildFile; fileRef = 9272DD272A86F72400DD4549 /* AddRecipePopover.swift */; };
		9272DD2A2A871D4800DD4549 /* GroupViewModelTests.swift in Sources */ = {isa = PBXBuildFile; fileRef = 9272DD292A871D4800DD4549 /* GroupViewModelTests.swift */; };
		9276895E2A8FC90C002C1525 /* InverseRoundedRectangle.swift in Sources */ = {isa = PBXBuildFile; fileRef = 9276895D2A8FC90C002C1525 /* InverseRoundedRectangle.swift */; };
		927689612A8FEE69002C1525 /* TabbedList.swift in Sources */ = {isa = PBXBuildFile; fileRef = 927689602A8FEE69002C1525 /* TabbedList.swift */; };
		927689652A90F791002C1525 /* CachedAsyncImage.swift in Sources */ = {isa = PBXBuildFile; fileRef = 927689642A90F791002C1525 /* CachedAsyncImage.swift */; };
		927689672A914340002C1525 /* LeftTabbedRoundedRectangle.swift in Sources */ = {isa = PBXBuildFile; fileRef = 927689662A914340002C1525 /* LeftTabbedRoundedRectangle.swift */; };
		9276896D2A9166D0002C1525 /* ColorSet.swift in Sources */ = {isa = PBXBuildFile; fileRef = 9276896C2A9166D0002C1525 /* ColorSet.swift */; };
		9276896F2A93C735002C1525 /* EmptyGroupView.swift in Sources */ = {isa = PBXBuildFile; fileRef = 9276896E2A93C735002C1525 /* EmptyGroupView.swift */; };
		92924CDB2A673B60000EC3B8 /* RecipeViewModel.swift in Sources */ = {isa = PBXBuildFile; fileRef = 92924CDA2A673B60000EC3B8 /* RecipeViewModel.swift */; };
		929316FA2A816BF30089A55D /* ContentView.swift in Sources */ = {isa = PBXBuildFile; fileRef = 9266876C2A608C9200117A59 /* ContentView.swift */; };
		9293171B2A819FA30089A55D /* CustomTextField.swift in Sources */ = {isa = PBXBuildFile; fileRef = 9293171A2A819FA30089A55D /* CustomTextField.swift */; };
		9293171E2A81EB630089A55D /* ImageData.swift in Sources */ = {isa = PBXBuildFile; fileRef = 9293171D2A81EB630089A55D /* ImageData.swift */; };
		929317202A828E2D0089A55D /* IconImage.swift in Sources */ = {isa = PBXBuildFile; fileRef = 9293171F2A828E2D0089A55D /* IconImage.swift */; };
		9293177A2A85CA180089A55D /* GroupGridView.swift in Sources */ = {isa = PBXBuildFile; fileRef = 929317792A85CA180089A55D /* GroupGridView.swift */; };
		9293177C2A85CA240089A55D /* GroupGridViewModel.swift in Sources */ = {isa = PBXBuildFile; fileRef = 9293177B2A85CA240089A55D /* GroupGridViewModel.swift */; };
		9293177F2A85CFE30089A55D /* GroupView.swift in Sources */ = {isa = PBXBuildFile; fileRef = 9293177E2A85CFE30089A55D /* GroupView.swift */; };
		929E1E762A87FF9D00A0596D /* GroupGridViewModelTests.swift in Sources */ = {isa = PBXBuildFile; fileRef = 929E1E752A87FF9D00A0596D /* GroupGridViewModelTests.swift */; };
		92E705FC2A8A881600ACA24C /* AppViewModel.swift in Sources */ = {isa = PBXBuildFile; fileRef = 92E705FB2A8A881600ACA24C /* AppViewModel.swift */; };
		92E705FE2A8A9A8600ACA24C /* SelectGroupsView.swift in Sources */ = {isa = PBXBuildFile; fileRef = 92E705FD2A8A9A8600ACA24C /* SelectGroupsView.swift */; };
		92E706002A8A9B8300ACA24C /* SelectGridButton.swift in Sources */ = {isa = PBXBuildFile; fileRef = 92E705FF2A8A9B8300ACA24C /* SelectGridButton.swift */; };
		92E706032A8BBA9B00ACA24C /* SelectGroupsViewModel.swift in Sources */ = {isa = PBXBuildFile; fileRef = 92E706022A8BBA9B00ACA24C /* SelectGroupsViewModel.swift */; };
		92E706052A8C05B800ACA24C /* AppViewModelTests.swift in Sources */ = {isa = PBXBuildFile; fileRef = 92E706042A8C05B800ACA24C /* AppViewModelTests.swift */; };
/* End PBXBuildFile section */

/* Begin PBXContainerItemProxy section */
		9266877D2A608C9300117A59 /* PBXContainerItemProxy */ = {
			isa = PBXContainerItemProxy;
			containerPortal = 9266875F2A608C9200117A59 /* Project object */;
			proxyType = 1;
			remoteGlobalIDString = 926687662A608C9200117A59;
			remoteInfo = RecipeSafe;
		};
		926687872A608C9300117A59 /* PBXContainerItemProxy */ = {
			isa = PBXContainerItemProxy;
			containerPortal = 9266875F2A608C9200117A59 /* Project object */;
			proxyType = 1;
			remoteGlobalIDString = 926687662A608C9200117A59;
			remoteInfo = RecipeSafe;
		};
		926687B12A619ABE00117A59 /* PBXContainerItemProxy */ = {
			isa = PBXContainerItemProxy;
			containerPortal = 9266875F2A608C9200117A59 /* Project object */;
			proxyType = 1;
			remoteGlobalIDString = 926687A82A619ABE00117A59;
			remoteInfo = Shared;
		};
/* End PBXContainerItemProxy section */

/* Begin PBXCopyFilesBuildPhase section */
		926687B42A619ABE00117A59 /* Embed Foundation Extensions */ = {
			isa = PBXCopyFilesBuildPhase;
			buildActionMask = 2147483647;
			dstPath = "";
			dstSubfolderSpec = 13;
			files = (
				926687B32A619ABE00117A59 /* Shared.appex in Embed Foundation Extensions */,
			);
			name = "Embed Foundation Extensions";
			runOnlyForDeploymentPostprocessing = 0;
		};
/* End PBXCopyFilesBuildPhase section */

/* Begin PBXFileReference section */
		9201F97C2A7852AE00A6021A /* CreateRecipeViewModel.swift */ = {isa = PBXFileReference; lastKnownFileType = sourcecode.swift; path = CreateRecipeViewModel.swift; sourceTree = "<group>"; };
		9201F97F2A795F9000A6021A /* EditableRecipeModel.swift */ = {isa = PBXFileReference; lastKnownFileType = sourcecode.swift; path = EditableRecipeModel.swift; sourceTree = "<group>"; };
		9201F9842A7AF14800A6021A /* RecipeJSONParser.swift */ = {isa = PBXFileReference; lastKnownFileType = sourcecode.swift; path = RecipeJSONParser.swift; sourceTree = "<group>"; };
		9201F9862A7AF22C00A6021A /* JSONParser.swift */ = {isa = PBXFileReference; lastKnownFileType = sourcecode.swift; path = JSONParser.swift; sourceTree = "<group>"; };
		9201F98A2A7B049100A6021A /* ContentViewModelTests.swift */ = {isa = PBXFileReference; lastKnownFileType = sourcecode.swift; path = ContentViewModelTests.swift; sourceTree = "<group>"; };
		9201F98C2A7B049F00A6021A /* RecipeViewModelTests.swift */ = {isa = PBXFileReference; lastKnownFileType = sourcecode.swift; path = RecipeViewModelTests.swift; sourceTree = "<group>"; };
		9201F9932A7C056700A6021A /* ApplicationTestPlan.xctestplan */ = {isa = PBXFileReference; lastKnownFileType = text; path = ApplicationTestPlan.xctestplan; sourceTree = "<group>"; };
		9201F9942A7C250000A6021A /* DataManager.swift */ = {isa = PBXFileReference; lastKnownFileType = sourcecode.swift; path = DataManager.swift; sourceTree = "<group>"; };
		9201F9962A7C50E600A6021A /* CreateRecipeViewModelTests.swift */ = {isa = PBXFileReference; lastKnownFileType = sourcecode.swift; path = CreateRecipeViewModelTests.swift; sourceTree = "<group>"; };
		9201F9992A7C6FB800A6021A /* MockNetworkManager.swift */ = {isa = PBXFileReference; lastKnownFileType = sourcecode.swift; path = MockNetworkManager.swift; sourceTree = "<group>"; };
		9201F99C2A7D426000A6021A /* MockDataManager.swift */ = {isa = PBXFileReference; lastKnownFileType = sourcecode.swift; path = MockDataManager.swift; sourceTree = "<group>"; };
		920DA3562A6EED7E0086ADB5 /* StringExtensions.swift */ = {isa = PBXFileReference; lastKnownFileType = sourcecode.swift; path = StringExtensions.swift; sourceTree = "<group>"; };
		920DA3582A6F053A0086ADB5 /* LoadingView.swift */ = {isa = PBXFileReference; lastKnownFileType = sourcecode.swift; path = LoadingView.swift; sourceTree = "<group>"; };
		920DA35A2A6F0B7E0086ADB5 /* ViewState.swift */ = {isa = PBXFileReference; lastKnownFileType = sourcecode.swift; path = ViewState.swift; sourceTree = "<group>"; };
		920DA35F2A6F0F8C0086ADB5 /* LottieView.swift */ = {isa = PBXFileReference; lastKnownFileType = sourcecode.swift; path = LottieView.swift; sourceTree = "<group>"; };
		920DA3622A701BF10086ADB5 /* EditableSectionView.swift */ = {isa = PBXFileReference; lastKnownFileType = sourcecode.swift; path = EditableSectionView.swift; sourceTree = "<group>"; };
		920DA3642A70225E0086ADB5 /* EditableHeaderView.swift */ = {isa = PBXFileReference; lastKnownFileType = sourcecode.swift; path = EditableHeaderView.swift; sourceTree = "<group>"; };
		920DA3672A70269F0086ADB5 /* ViewExtensions.swift */ = {isa = PBXFileReference; lastKnownFileType = sourcecode.swift; path = ViewExtensions.swift; sourceTree = "<group>"; };
		920DA36A2A70270F0086ADB5 /* EditableToolbar.swift */ = {isa = PBXFileReference; lastKnownFileType = sourcecode.swift; path = EditableToolbar.swift; sourceTree = "<group>"; };
		920DA36C2A702B830086ADB5 /* EditableDescriptionView.swift */ = {isa = PBXFileReference; lastKnownFileType = sourcecode.swift; path = EditableDescriptionView.swift; sourceTree = "<group>"; };
		9211021B2A7D560F00F34E5A /* NetworkProtocolTests.swift */ = {isa = PBXFileReference; lastKnownFileType = sourcecode.swift; path = NetworkProtocolTests.swift; sourceTree = "<group>"; };
		9211021D2A7D6B2B00F34E5A /* MockNetworkRequest.swift */ = {isa = PBXFileReference; lastKnownFileType = sourcecode.swift; path = MockNetworkRequest.swift; sourceTree = "<group>"; };
		921102232A7EA08100F34E5A /* NetworkManagerTests.swift */ = {isa = PBXFileReference; lastKnownFileType = sourcecode.swift; path = NetworkManagerTests.swift; sourceTree = "<group>"; };
		921102252A7EA6BD00F34E5A /* JSONParserTests.swift */ = {isa = PBXFileReference; lastKnownFileType = sourcecode.swift; path = JSONParserTests.swift; sourceTree = "<group>"; };
		9235E0872A7EB35F000B05EF /* test_data_1.html */ = {isa = PBXFileReference; fileEncoding = 4; lastKnownFileType = text.html; path = test_data_1.html; sourceTree = "<group>"; };
		9235E0892A7EBAC4000B05EF /* test_data_2.html */ = {isa = PBXFileReference; fileEncoding = 4; lastKnownFileType = text.html; path = test_data_2.html; sourceTree = "<group>"; };
		9235E08B2A7EC0F4000B05EF /* test_data_3.html */ = {isa = PBXFileReference; fileEncoding = 4; lastKnownFileType = text.html; path = test_data_3.html; sourceTree = "<group>"; };
		9235E08D2A7EC4B6000B05EF /* DataManagerTests.swift */ = {isa = PBXFileReference; lastKnownFileType = sourcecode.swift; path = DataManagerTests.swift; sourceTree = "<group>"; };
		9247212B2A75B06500D879CA /* EmptyListView.swift */ = {isa = PBXFileReference; lastKnownFileType = sourcecode.swift; path = EmptyListView.swift; sourceTree = "<group>"; };
		9247212E2A75B94100D879CA /* Localizable.strings */ = {isa = PBXFileReference; lastKnownFileType = text.plist.strings; path = Localizable.strings; sourceTree = "<group>"; };
		92535C222A7174F1003E30BD /* NetworkProtocol.swift */ = {isa = PBXFileReference; lastKnownFileType = sourcecode.swift; path = NetworkProtocol.swift; sourceTree = "<group>"; };
		925DCBF22A65F40A00B84A38 /* ErrorTypes.swift */ = {isa = PBXFileReference; lastKnownFileType = sourcecode.swift; path = ErrorTypes.swift; sourceTree = "<group>"; };
		925DCBF42A65FBFC00B84A38 /* RecipeView.swift */ = {isa = PBXFileReference; lastKnownFileType = sourcecode.swift; path = RecipeView.swift; sourceTree = "<group>"; };
		926687672A608C9200117A59 /* RecipeSafe.app */ = {isa = PBXFileReference; explicitFileType = wrapper.application; includeInIndex = 0; path = RecipeSafe.app; sourceTree = BUILT_PRODUCTS_DIR; };
		9266876A2A608C9200117A59 /* RecipeSafeApp.swift */ = {isa = PBXFileReference; lastKnownFileType = sourcecode.swift; path = RecipeSafeApp.swift; sourceTree = "<group>"; };
		9266876C2A608C9200117A59 /* ContentView.swift */ = {isa = PBXFileReference; lastKnownFileType = sourcecode.swift; path = ContentView.swift; sourceTree = "<group>"; };
		9266876E2A608C9200117A59 /* Assets.xcassets */ = {isa = PBXFileReference; lastKnownFileType = folder.assetcatalog; path = Assets.xcassets; sourceTree = "<group>"; };
		926687712A608C9200117A59 /* Preview Assets.xcassets */ = {isa = PBXFileReference; lastKnownFileType = folder.assetcatalog; path = "Preview Assets.xcassets"; sourceTree = "<group>"; };
		926687732A608C9200117A59 /* Persistence.swift */ = {isa = PBXFileReference; lastKnownFileType = sourcecode.swift; path = Persistence.swift; sourceTree = "<group>"; };
		926687762A608C9200117A59 /* RecipeSafe.xcdatamodel */ = {isa = PBXFileReference; lastKnownFileType = wrapper.xcdatamodel; path = RecipeSafe.xcdatamodel; sourceTree = "<group>"; };
		9266877C2A608C9300117A59 /* RecipeSafeTests.xctest */ = {isa = PBXFileReference; explicitFileType = wrapper.cfbundle; includeInIndex = 0; path = RecipeSafeTests.xctest; sourceTree = BUILT_PRODUCTS_DIR; };
		926687862A608C9300117A59 /* RecipeSafeUITests.xctest */ = {isa = PBXFileReference; explicitFileType = wrapper.cfbundle; includeInIndex = 0; path = RecipeSafeUITests.xctest; sourceTree = BUILT_PRODUCTS_DIR; };
		9266878A2A608C9300117A59 /* RecipeSafeUITests.swift */ = {isa = PBXFileReference; lastKnownFileType = sourcecode.swift; path = RecipeSafeUITests.swift; sourceTree = "<group>"; };
		9266878C2A608C9300117A59 /* RecipeSafeUITestsLaunchTests.swift */ = {isa = PBXFileReference; lastKnownFileType = sourcecode.swift; path = RecipeSafeUITestsLaunchTests.swift; sourceTree = "<group>"; };
		9266879C2A608F6400117A59 /* NetworkManager.swift */ = {isa = PBXFileReference; lastKnownFileType = sourcecode.swift; path = NetworkManager.swift; sourceTree = "<group>"; };
		926687A12A60A26600117A59 /* Recipe.swift */ = {isa = PBXFileReference; lastKnownFileType = sourcecode.swift; path = Recipe.swift; sourceTree = "<group>"; };
		926687A32A60CA9E00117A59 /* ContentViewModel.swift */ = {isa = PBXFileReference; lastKnownFileType = sourcecode.swift; path = ContentViewModel.swift; sourceTree = "<group>"; };
		926687A92A619ABE00117A59 /* Shared.appex */ = {isa = PBXFileReference; explicitFileType = "wrapper.app-extension"; includeInIndex = 0; path = Shared.appex; sourceTree = BUILT_PRODUCTS_DIR; };
		926687AB2A619ABE00117A59 /* ShareViewController.swift */ = {isa = PBXFileReference; lastKnownFileType = sourcecode.swift; path = ShareViewController.swift; sourceTree = "<group>"; };
		926687B02A619ABE00117A59 /* Info.plist */ = {isa = PBXFileReference; lastKnownFileType = text.plist.xml; path = Info.plist; sourceTree = "<group>"; };
		926687B82A619F5A00117A59 /* Info.plist */ = {isa = PBXFileReference; lastKnownFileType = text.plist; path = Info.plist; sourceTree = "<group>"; };
		926687B92A61A67100117A59 /* RecipeSafe.entitlements */ = {isa = PBXFileReference; lastKnownFileType = text.plist.entitlements; path = RecipeSafe.entitlements; sourceTree = "<group>"; };
		926687BA2A61A6B100117A59 /* Shared.entitlements */ = {isa = PBXFileReference; lastKnownFileType = text.plist.entitlements; path = Shared.entitlements; sourceTree = "<group>"; };
		9268BDC52A8C73AB00366964 /* TutorialView.swift */ = {isa = PBXFileReference; lastKnownFileType = sourcecode.swift; path = TutorialView.swift; sourceTree = "<group>"; };
		9268BDC72A8C749F00366964 /* TutorialViewModel.swift */ = {isa = PBXFileReference; lastKnownFileType = sourcecode.swift; path = TutorialViewModel.swift; sourceTree = "<group>"; };
		9268BDC92A8D18C700366964 /* UserDefaultsExtensions.swift */ = {isa = PBXFileReference; lastKnownFileType = sourcecode.swift; path = UserDefaultsExtensions.swift; sourceTree = "<group>"; };
		9268BDCF2A8E51B300366964 /* TutorialPageView.swift */ = {isa = PBXFileReference; lastKnownFileType = sourcecode.swift; path = TutorialPageView.swift; sourceTree = "<group>"; };
		9268BDD32A8EEA4400366964 /* GroupHeaderImage.swift */ = {isa = PBXFileReference; lastKnownFileType = sourcecode.swift; path = GroupHeaderImage.swift; sourceTree = "<group>"; };
		926A4A8E2A71FD9000457935 /* NetworkRequest.swift */ = {isa = PBXFileReference; lastKnownFileType = sourcecode.swift; path = NetworkRequest.swift; sourceTree = "<group>"; };
		926A4A922A72B7AC00457935 /* RecipeRequest.swift */ = {isa = PBXFileReference; lastKnownFileType = sourcecode.swift; path = RecipeRequest.swift; sourceTree = "<group>"; };
		926A4A952A748AD100457935 /* config.xcconfig */ = {isa = PBXFileReference; lastKnownFileType = text.xcconfig; path = config.xcconfig; sourceTree = "<group>"; };
		9272DD1C2A85D52400DD4549 /* GroupViewModel.swift */ = {isa = PBXFileReference; lastKnownFileType = sourcecode.swift; path = GroupViewModel.swift; sourceTree = "<group>"; };
		9272DD1E2A867A7C00DD4549 /* GridButton.swift */ = {isa = PBXFileReference; lastKnownFileType = sourcecode.swift; path = GridButton.swift; sourceTree = "<group>"; };
		9272DD202A8691E600DD4549 /* InsertGridButton.swift */ = {isa = PBXFileReference; lastKnownFileType = sourcecode.swift; path = InsertGridButton.swift; sourceTree = "<group>"; };
		9272DD222A86944000DD4549 /* NewGroupPopover.swift */ = {isa = PBXFileReference; lastKnownFileType = sourcecode.swift; path = NewGroupPopover.swift; sourceTree = "<group>"; };
		9272DD242A86D1E800DD4549 /* GroupModel.swift */ = {isa = PBXFileReference; lastKnownFileType = sourcecode.swift; path = GroupModel.swift; sourceTree = "<group>"; };
		9272DD272A86F72400DD4549 /* AddRecipePopover.swift */ = {isa = PBXFileReference; lastKnownFileType = sourcecode.swift; path = AddRecipePopover.swift; sourceTree = "<group>"; };
		9272DD292A871D4800DD4549 /* GroupViewModelTests.swift */ = {isa = PBXFileReference; lastKnownFileType = sourcecode.swift; path = GroupViewModelTests.swift; sourceTree = "<group>"; };
		9276895D2A8FC90C002C1525 /* InverseRoundedRectangle.swift */ = {isa = PBXFileReference; lastKnownFileType = sourcecode.swift; path = InverseRoundedRectangle.swift; sourceTree = "<group>"; };
		927689602A8FEE69002C1525 /* TabbedList.swift */ = {isa = PBXFileReference; lastKnownFileType = sourcecode.swift; path = TabbedList.swift; sourceTree = "<group>"; };
		927689642A90F791002C1525 /* CachedAsyncImage.swift */ = {isa = PBXFileReference; lastKnownFileType = sourcecode.swift; path = CachedAsyncImage.swift; sourceTree = "<group>"; };
		927689662A914340002C1525 /* LeftTabbedRoundedRectangle.swift */ = {isa = PBXFileReference; lastKnownFileType = sourcecode.swift; path = LeftTabbedRoundedRectangle.swift; sourceTree = "<group>"; };
		9276896C2A9166D0002C1525 /* ColorSet.swift */ = {isa = PBXFileReference; lastKnownFileType = sourcecode.swift; path = ColorSet.swift; sourceTree = "<group>"; };
		9276896E2A93C735002C1525 /* EmptyGroupView.swift */ = {isa = PBXFileReference; lastKnownFileType = sourcecode.swift; path = EmptyGroupView.swift; sourceTree = "<group>"; };
		92924CDA2A673B60000EC3B8 /* RecipeViewModel.swift */ = {isa = PBXFileReference; lastKnownFileType = sourcecode.swift; path = RecipeViewModel.swift; sourceTree = "<group>"; };
		9293171A2A819FA30089A55D /* CustomTextField.swift */ = {isa = PBXFileReference; lastKnownFileType = sourcecode.swift; path = CustomTextField.swift; sourceTree = "<group>"; };
		9293171D2A81EB630089A55D /* ImageData.swift */ = {isa = PBXFileReference; lastKnownFileType = sourcecode.swift; path = ImageData.swift; sourceTree = "<group>"; };
		9293171F2A828E2D0089A55D /* IconImage.swift */ = {isa = PBXFileReference; lastKnownFileType = sourcecode.swift; path = IconImage.swift; sourceTree = "<group>"; };
		929317792A85CA180089A55D /* GroupGridView.swift */ = {isa = PBXFileReference; lastKnownFileType = sourcecode.swift; path = GroupGridView.swift; sourceTree = "<group>"; };
		9293177B2A85CA240089A55D /* GroupGridViewModel.swift */ = {isa = PBXFileReference; lastKnownFileType = sourcecode.swift; path = GroupGridViewModel.swift; sourceTree = "<group>"; };
		9293177E2A85CFE30089A55D /* GroupView.swift */ = {isa = PBXFileReference; lastKnownFileType = sourcecode.swift; path = GroupView.swift; sourceTree = "<group>"; };
		929E1E752A87FF9D00A0596D /* GroupGridViewModelTests.swift */ = {isa = PBXFileReference; lastKnownFileType = sourcecode.swift; path = GroupGridViewModelTests.swift; sourceTree = "<group>"; };
		92E705FB2A8A881600ACA24C /* AppViewModel.swift */ = {isa = PBXFileReference; lastKnownFileType = sourcecode.swift; path = AppViewModel.swift; sourceTree = "<group>"; };
		92E705FD2A8A9A8600ACA24C /* SelectGroupsView.swift */ = {isa = PBXFileReference; lastKnownFileType = sourcecode.swift; path = SelectGroupsView.swift; sourceTree = "<group>"; };
		92E705FF2A8A9B8300ACA24C /* SelectGridButton.swift */ = {isa = PBXFileReference; lastKnownFileType = sourcecode.swift; path = SelectGridButton.swift; sourceTree = "<group>"; };
		92E706022A8BBA9B00ACA24C /* SelectGroupsViewModel.swift */ = {isa = PBXFileReference; lastKnownFileType = sourcecode.swift; path = SelectGroupsViewModel.swift; sourceTree = "<group>"; };
		92E706042A8C05B800ACA24C /* AppViewModelTests.swift */ = {isa = PBXFileReference; lastKnownFileType = sourcecode.swift; path = AppViewModelTests.swift; sourceTree = "<group>"; };
/* End PBXFileReference section */

/* Begin PBXFrameworksBuildPhase section */
		926687642A608C9200117A59 /* Frameworks */ = {
			isa = PBXFrameworksBuildPhase;
			buildActionMask = 2147483647;
			files = (
				926687A02A6094CB00117A59 /* SwiftyJSON in Frameworks */,
				9266879B2A608E3D00117A59 /* SwiftSoup in Frameworks */,
				920DA35E2A6F0EF70086ADB5 /* Lottie in Frameworks */,
			);
			runOnlyForDeploymentPostprocessing = 0;
		};
		926687792A608C9300117A59 /* Frameworks */ = {
			isa = PBXFrameworksBuildPhase;
			buildActionMask = 2147483647;
			files = (
			);
			runOnlyForDeploymentPostprocessing = 0;
		};
		926687832A608C9300117A59 /* Frameworks */ = {
			isa = PBXFrameworksBuildPhase;
			buildActionMask = 2147483647;
			files = (
			);
			runOnlyForDeploymentPostprocessing = 0;
		};
		926687A62A619ABE00117A59 /* Frameworks */ = {
			isa = PBXFrameworksBuildPhase;
			buildActionMask = 2147483647;
			files = (
			);
			runOnlyForDeploymentPostprocessing = 0;
		};
/* End PBXFrameworksBuildPhase section */

/* Begin PBXGroup section */
		9201F97E2A795F5A00A6021A /* Protocol */ = {
			isa = PBXGroup;
			children = (
				9201F97F2A795F9000A6021A /* EditableRecipeModel.swift */,
			);
			path = Protocol;
			sourceTree = "<group>";
		};
		9201F9882A7B044500A6021A /* Modules */ = {
			isa = PBXGroup;
			children = (
				9201F98A2A7B049100A6021A /* ContentViewModelTests.swift */,
				9201F98C2A7B049F00A6021A /* RecipeViewModelTests.swift */,
				9201F9962A7C50E600A6021A /* CreateRecipeViewModelTests.swift */,
				9272DD292A871D4800DD4549 /* GroupViewModelTests.swift */,
				929E1E752A87FF9D00A0596D /* GroupGridViewModelTests.swift */,
				92E706042A8C05B800ACA24C /* AppViewModelTests.swift */,
			);
			path = Modules;
			sourceTree = "<group>";
		};
		9201F9892A7B045200A6021A /* Core */ = {
			isa = PBXGroup;
			children = (
				9201F9922A7B04DB00A6021A /* Components */,
				9201F9912A7B04D400A6021A /* Extensions */,
				9201F9902A7B04CE00A6021A /* Network */,
				9201F98F2A7B04C100A6021A /* Models */,
				9201F98E2A7B04B800A6021A /* Storage */,
			);
			path = Core;
			sourceTree = "<group>";
		};
		9201F98E2A7B04B800A6021A /* Storage */ = {
			isa = PBXGroup;
			children = (
				9235E08D2A7EC4B6000B05EF /* DataManagerTests.swift */,
			);
			path = Storage;
			sourceTree = "<group>";
		};
		9201F98F2A7B04C100A6021A /* Models */ = {
			isa = PBXGroup;
			children = (
			);
			path = Models;
			sourceTree = "<group>";
		};
		9201F9902A7B04CE00A6021A /* Network */ = {
			isa = PBXGroup;
			children = (
				9211021B2A7D560F00F34E5A /* NetworkProtocolTests.swift */,
				921102232A7EA08100F34E5A /* NetworkManagerTests.swift */,
				921102252A7EA6BD00F34E5A /* JSONParserTests.swift */,
			);
			path = Network;
			sourceTree = "<group>";
		};
		9201F9912A7B04D400A6021A /* Extensions */ = {
			isa = PBXGroup;
			children = (
			);
			path = Extensions;
			sourceTree = "<group>";
		};
		9201F9922A7B04DB00A6021A /* Components */ = {
			isa = PBXGroup;
			children = (
			);
			path = Components;
			sourceTree = "<group>";
		};
		9201F9982A7C6F8900A6021A /* Mock Classes */ = {
			isa = PBXGroup;
			children = (
				9201F9992A7C6FB800A6021A /* MockNetworkManager.swift */,
				9201F99C2A7D426000A6021A /* MockDataManager.swift */,
				9211021D2A7D6B2B00F34E5A /* MockNetworkRequest.swift */,
			);
			path = "Mock Classes";
			sourceTree = "<group>";
		};
		920DA3612A6F59CF0086ADB5 /* Editable */ = {
			isa = PBXGroup;
			children = (
				920DA3622A701BF10086ADB5 /* EditableSectionView.swift */,
				920DA3642A70225E0086ADB5 /* EditableHeaderView.swift */,
				920DA36C2A702B830086ADB5 /* EditableDescriptionView.swift */,
			);
			path = Editable;
			sourceTree = "<group>";
		};
		920DA3692A7026DC0086ADB5 /* Modifiers */ = {
			isa = PBXGroup;
			children = (
				920DA36A2A70270F0086ADB5 /* EditableToolbar.swift */,
			);
			path = Modifiers;
			sourceTree = "<group>";
		};
		920DA36E2A702EA90086ADB5 /* Placeholders */ = {
			isa = PBXGroup;
			children = (
				9247212B2A75B06500D879CA /* EmptyListView.swift */,
				920DA35F2A6F0F8C0086ADB5 /* LottieView.swift */,
				920DA3582A6F053A0086ADB5 /* LoadingView.swift */,
				9276896E2A93C735002C1525 /* EmptyGroupView.swift */,
			);
			path = Placeholders;
			sourceTree = "<group>";
		};
		9235E0842A7EAD64000B05EF /* Test Data */ = {
			isa = PBXGroup;
			children = (
				9235E0872A7EB35F000B05EF /* test_data_1.html */,
				9235E0892A7EBAC4000B05EF /* test_data_2.html */,
				9235E08B2A7EC0F4000B05EF /* test_data_3.html */,
			);
			path = "Test Data";
			sourceTree = "<group>";
		};
		925DCBE82A61D71500B84A38 /* Modules */ = {
			isa = PBXGroup;
			children = (
				9268BDC42A8C739600366964 /* TutorialView */,
				92E706012A8BB9B300ACA24C /* SelectGroupsView */,
				929317782A85C9FC0089A55D /* GroupGridView */,
				9293177D2A85CFCE0089A55D /* GroupView */,
				92924CD92A673B46000EC3B8 /* RecipeView */,
				92924CD82A673B33000EC3B8 /* ContentView */,
			);
			path = Modules;
			sourceTree = "<group>";
		};
		925DCBE92A61D71C00B84A38 /* App */ = {
			isa = PBXGroup;
			children = (
				9266876A2A608C9200117A59 /* RecipeSafeApp.swift */,
				92E705FB2A8A881600ACA24C /* AppViewModel.swift */,
			);
			path = App;
			sourceTree = "<group>";
		};
		925DCBEA2A61D72200B84A38 /* Core */ = {
			isa = PBXGroup;
			children = (
				925DCBF02A61D75400B84A38 /* Components */,
				925DCBEF2A61D74B00B84A38 /* Extensions */,
				925DCBEE2A61D74400B84A38 /* Network */,
				925DCBEC2A61D73500B84A38 /* Models */,
				925DCBEB2A61D72B00B84A38 /* Resources */,
				925DCBF12A61D78A00B84A38 /* Storage */,
			);
			path = Core;
			sourceTree = "<group>";
		};
		925DCBEB2A61D72B00B84A38 /* Resources */ = {
			isa = PBXGroup;
			children = (
				9266876E2A608C9200117A59 /* Assets.xcassets */,
				926A4A952A748AD100457935 /* config.xcconfig */,
				9247212E2A75B94100D879CA /* Localizable.strings */,
				9276896C2A9166D0002C1525 /* ColorSet.swift */,
			);
			path = Resources;
			sourceTree = "<group>";
		};
		925DCBEC2A61D73500B84A38 /* Models */ = {
			isa = PBXGroup;
			children = (
				926687A12A60A26600117A59 /* Recipe.swift */,
				925DCBF22A65F40A00B84A38 /* ErrorTypes.swift */,
				920DA35A2A6F0B7E0086ADB5 /* ViewState.swift */,
				926A4A922A72B7AC00457935 /* RecipeRequest.swift */,
				9293171D2A81EB630089A55D /* ImageData.swift */,
				9272DD242A86D1E800DD4549 /* GroupModel.swift */,
			);
			path = Models;
			sourceTree = "<group>";
		};
		925DCBEE2A61D74400B84A38 /* Network */ = {
			isa = PBXGroup;
			children = (
				926A4A8D2A71FD6A00457935 /* Protocol */,
				9266879C2A608F6400117A59 /* NetworkManager.swift */,
				9201F9842A7AF14800A6021A /* RecipeJSONParser.swift */,
			);
			path = Network;
			sourceTree = "<group>";
		};
		925DCBEF2A61D74B00B84A38 /* Extensions */ = {
			isa = PBXGroup;
			children = (
				920DA3562A6EED7E0086ADB5 /* StringExtensions.swift */,
				920DA3672A70269F0086ADB5 /* ViewExtensions.swift */,
				9268BDC92A8D18C700366964 /* UserDefaultsExtensions.swift */,
			);
			path = Extensions;
			sourceTree = "<group>";
		};
		925DCBF02A61D75400B84A38 /* Components */ = {
			isa = PBXGroup;
			children = (
				929316FB2A818B610089A55D /* Custom */,
				920DA36E2A702EA90086ADB5 /* Placeholders */,
				920DA3692A7026DC0086ADB5 /* Modifiers */,
				920DA3612A6F59CF0086ADB5 /* Editable */,
			);
			path = Components;
			sourceTree = "<group>";
		};
		925DCBF12A61D78A00B84A38 /* Storage */ = {
			isa = PBXGroup;
			children = (
				926687752A608C9200117A59 /* RecipeSafe.xcdatamodeld */,
				926687732A608C9200117A59 /* Persistence.swift */,
				9201F9942A7C250000A6021A /* DataManager.swift */,
			);
			path = Storage;
			sourceTree = "<group>";
		};
		9266875E2A608C9200117A59 = {
			isa = PBXGroup;
			children = (
				9201F9932A7C056700A6021A /* ApplicationTestPlan.xctestplan */,
				926687692A608C9200117A59 /* RecipeSafe */,
				9266877F2A608C9300117A59 /* RecipeSafeTests */,
				926687892A608C9300117A59 /* RecipeSafeUITests */,
				926687AA2A619ABE00117A59 /* Shared */,
				926687682A608C9200117A59 /* Products */,
			);
			sourceTree = "<group>";
		};
		926687682A608C9200117A59 /* Products */ = {
			isa = PBXGroup;
			children = (
				926687672A608C9200117A59 /* RecipeSafe.app */,
				9266877C2A608C9300117A59 /* RecipeSafeTests.xctest */,
				926687862A608C9300117A59 /* RecipeSafeUITests.xctest */,
				926687A92A619ABE00117A59 /* Shared.appex */,
			);
			name = Products;
			sourceTree = "<group>";
		};
		926687692A608C9200117A59 /* RecipeSafe */ = {
			isa = PBXGroup;
			children = (
				926687B92A61A67100117A59 /* RecipeSafe.entitlements */,
				926687B82A619F5A00117A59 /* Info.plist */,
				925DCBEA2A61D72200B84A38 /* Core */,
				925DCBE92A61D71C00B84A38 /* App */,
				925DCBE82A61D71500B84A38 /* Modules */,
				926687702A608C9200117A59 /* Preview Content */,
			);
			path = RecipeSafe;
			sourceTree = "<group>";
		};
		926687702A608C9200117A59 /* Preview Content */ = {
			isa = PBXGroup;
			children = (
				926687712A608C9200117A59 /* Preview Assets.xcassets */,
			);
			path = "Preview Content";
			sourceTree = "<group>";
		};
		9266877F2A608C9300117A59 /* RecipeSafeTests */ = {
			isa = PBXGroup;
			children = (
				9235E0842A7EAD64000B05EF /* Test Data */,
				9201F9982A7C6F8900A6021A /* Mock Classes */,
				9201F9892A7B045200A6021A /* Core */,
				9201F9882A7B044500A6021A /* Modules */,
			);
			path = RecipeSafeTests;
			sourceTree = "<group>";
		};
		926687892A608C9300117A59 /* RecipeSafeUITests */ = {
			isa = PBXGroup;
			children = (
				9266878A2A608C9300117A59 /* RecipeSafeUITests.swift */,
				9266878C2A608C9300117A59 /* RecipeSafeUITestsLaunchTests.swift */,
			);
			path = RecipeSafeUITests;
			sourceTree = "<group>";
		};
		926687AA2A619ABE00117A59 /* Shared */ = {
			isa = PBXGroup;
			children = (
				926687BA2A61A6B100117A59 /* Shared.entitlements */,
				926687AB2A619ABE00117A59 /* ShareViewController.swift */,
				926687B02A619ABE00117A59 /* Info.plist */,
			);
			path = Shared;
			sourceTree = "<group>";
		};
		9268BDC42A8C739600366964 /* TutorialView */ = {
			isa = PBXGroup;
			children = (
				9268BDC52A8C73AB00366964 /* TutorialView.swift */,
				9268BDC72A8C749F00366964 /* TutorialViewModel.swift */,
				9268BDCF2A8E51B300366964 /* TutorialPageView.swift */,
			);
			path = TutorialView;
			sourceTree = "<group>";
		};
		9268BDCB2A8D1EC000366964 /* Buttons */ = {
			isa = PBXGroup;
			children = (
				9272DD1E2A867A7C00DD4549 /* GridButton.swift */,
				92E705FF2A8A9B8300ACA24C /* SelectGridButton.swift */,
				9272DD202A8691E600DD4549 /* InsertGridButton.swift */,
			);
			path = Buttons;
			sourceTree = "<group>";
		};
		9268BDCC2A8D1ECB00366964 /* Text */ = {
			isa = PBXGroup;
			children = (
				9293171A2A819FA30089A55D /* CustomTextField.swift */,
			);
			path = Text;
			sourceTree = "<group>";
		};
		9268BDCD2A8D1ED500366964 /* Popovers */ = {
			isa = PBXGroup;
			children = (
				9272DD222A86944000DD4549 /* NewGroupPopover.swift */,
				9272DD272A86F72400DD4549 /* AddRecipePopover.swift */,
			);
			path = Popovers;
			sourceTree = "<group>";
		};
		9268BDCE2A8D1EEA00366964 /* Images */ = {
			isa = PBXGroup;
			children = (
				9293171F2A828E2D0089A55D /* IconImage.swift */,
				9268BDD32A8EEA4400366964 /* GroupHeaderImage.swift */,
				927689642A90F791002C1525 /* CachedAsyncImage.swift */,
			);
			path = Images;
			sourceTree = "<group>";
		};
		926A4A8D2A71FD6A00457935 /* Protocol */ = {
			isa = PBXGroup;
			children = (
				92535C222A7174F1003E30BD /* NetworkProtocol.swift */,
				926A4A8E2A71FD9000457935 /* NetworkRequest.swift */,
				9201F9862A7AF22C00A6021A /* JSONParser.swift */,
			);
			path = Protocol;
			sourceTree = "<group>";
		};
		9276895C2A8FC8F4002C1525 /* Shapes */ = {
			isa = PBXGroup;
			children = (
				9276895D2A8FC90C002C1525 /* InverseRoundedRectangle.swift */,
				927689662A914340002C1525 /* LeftTabbedRoundedRectangle.swift */,
			);
			path = Shapes;
			sourceTree = "<group>";
		};
		9276895F2A8FEE45002C1525 /* List */ = {
			isa = PBXGroup;
			children = (
				927689602A8FEE69002C1525 /* TabbedList.swift */,
			);
			path = List;
			sourceTree = "<group>";
		};
		92924CD82A673B33000EC3B8 /* ContentView */ = {
			isa = PBXGroup;
			children = (
				9266876C2A608C9200117A59 /* ContentView.swift */,
				926687A32A60CA9E00117A59 /* ContentViewModel.swift */,
			);
			path = ContentView;
			sourceTree = "<group>";
		};
		92924CD92A673B46000EC3B8 /* RecipeView */ = {
			isa = PBXGroup;
			children = (
				9201F97E2A795F5A00A6021A /* Protocol */,
				925DCBF42A65FBFC00B84A38 /* RecipeView.swift */,
				92924CDA2A673B60000EC3B8 /* RecipeViewModel.swift */,
				9201F97C2A7852AE00A6021A /* CreateRecipeViewModel.swift */,
			);
			path = RecipeView;
			sourceTree = "<group>";
		};
		929316FB2A818B610089A55D /* Custom */ = {
			isa = PBXGroup;
			children = (
				9276895F2A8FEE45002C1525 /* List */,
				9276895C2A8FC8F4002C1525 /* Shapes */,
				9268BDCE2A8D1EEA00366964 /* Images */,
				9268BDCD2A8D1ED500366964 /* Popovers */,
				9268BDCB2A8D1EC000366964 /* Buttons */,
				9268BDCC2A8D1ECB00366964 /* Text */,
			);
			path = Custom;
			sourceTree = "<group>";
		};
		929317782A85C9FC0089A55D /* GroupGridView */ = {
			isa = PBXGroup;
			children = (
				929317792A85CA180089A55D /* GroupGridView.swift */,
				9293177B2A85CA240089A55D /* GroupGridViewModel.swift */,
			);
			path = GroupGridView;
			sourceTree = "<group>";
		};
		9293177D2A85CFCE0089A55D /* GroupView */ = {
			isa = PBXGroup;
			children = (
				9293177E2A85CFE30089A55D /* GroupView.swift */,
				9272DD1C2A85D52400DD4549 /* GroupViewModel.swift */,
			);
			path = GroupView;
			sourceTree = "<group>";
		};
		92E706012A8BB9B300ACA24C /* SelectGroupsView */ = {
			isa = PBXGroup;
			children = (
				92E705FD2A8A9A8600ACA24C /* SelectGroupsView.swift */,
				92E706022A8BBA9B00ACA24C /* SelectGroupsViewModel.swift */,
			);
			path = SelectGroupsView;
			sourceTree = "<group>";
		};
/* End PBXGroup section */

/* Begin PBXNativeTarget section */
		926687662A608C9200117A59 /* RecipeSafe */ = {
			isa = PBXNativeTarget;
			buildConfigurationList = 926687902A608C9300117A59 /* Build configuration list for PBXNativeTarget "RecipeSafe" */;
			buildPhases = (
				926687632A608C9200117A59 /* Sources */,
				926687642A608C9200117A59 /* Frameworks */,
				926687652A608C9200117A59 /* Resources */,
				926687B42A619ABE00117A59 /* Embed Foundation Extensions */,
			);
			buildRules = (
			);
			dependencies = (
				926687B22A619ABE00117A59 /* PBXTargetDependency */,
			);
			name = RecipeSafe;
			packageProductDependencies = (
				9266879A2A608E3D00117A59 /* SwiftSoup */,
				9266879F2A6094CB00117A59 /* SwiftyJSON */,
				920DA35D2A6F0EF70086ADB5 /* Lottie */,
			);
			productName = RecipeSafe;
			productReference = 926687672A608C9200117A59 /* RecipeSafe.app */;
			productType = "com.apple.product-type.application";
		};
		9266877B2A608C9300117A59 /* RecipeSafeTests */ = {
			isa = PBXNativeTarget;
			buildConfigurationList = 926687932A608C9300117A59 /* Build configuration list for PBXNativeTarget "RecipeSafeTests" */;
			buildPhases = (
				926687782A608C9300117A59 /* Sources */,
				926687792A608C9300117A59 /* Frameworks */,
				9266877A2A608C9300117A59 /* Resources */,
			);
			buildRules = (
			);
			dependencies = (
				9266877E2A608C9300117A59 /* PBXTargetDependency */,
			);
			name = RecipeSafeTests;
			productName = RecipeSafeTests;
			productReference = 9266877C2A608C9300117A59 /* RecipeSafeTests.xctest */;
			productType = "com.apple.product-type.bundle.unit-test";
		};
		926687852A608C9300117A59 /* RecipeSafeUITests */ = {
			isa = PBXNativeTarget;
			buildConfigurationList = 926687962A608C9300117A59 /* Build configuration list for PBXNativeTarget "RecipeSafeUITests" */;
			buildPhases = (
				926687822A608C9300117A59 /* Sources */,
				926687832A608C9300117A59 /* Frameworks */,
				926687842A608C9300117A59 /* Resources */,
			);
			buildRules = (
			);
			dependencies = (
				926687882A608C9300117A59 /* PBXTargetDependency */,
			);
			name = RecipeSafeUITests;
			productName = RecipeSafeUITests;
			productReference = 926687862A608C9300117A59 /* RecipeSafeUITests.xctest */;
			productType = "com.apple.product-type.bundle.ui-testing";
		};
		926687A82A619ABE00117A59 /* Shared */ = {
			isa = PBXNativeTarget;
			buildConfigurationList = 926687B72A619ABE00117A59 /* Build configuration list for PBXNativeTarget "Shared" */;
			buildPhases = (
				926687A52A619ABE00117A59 /* Sources */,
				926687A62A619ABE00117A59 /* Frameworks */,
				926687A72A619ABE00117A59 /* Resources */,
			);
			buildRules = (
			);
			dependencies = (
			);
			name = Shared;
			productName = Shared;
			productReference = 926687A92A619ABE00117A59 /* Shared.appex */;
			productType = "com.apple.product-type.app-extension";
		};
/* End PBXNativeTarget section */

/* Begin PBXProject section */
		9266875F2A608C9200117A59 /* Project object */ = {
			isa = PBXProject;
			attributes = {
				BuildIndependentTargetsInParallel = 1;
				LastSwiftUpdateCheck = 1430;
				LastUpgradeCheck = 1430;
				TargetAttributes = {
					926687662A608C9200117A59 = {
						CreatedOnToolsVersion = 14.3.1;
					};
					9266877B2A608C9300117A59 = {
						CreatedOnToolsVersion = 14.3.1;
						TestTargetID = 926687662A608C9200117A59;
					};
					926687852A608C9300117A59 = {
						CreatedOnToolsVersion = 14.3.1;
						TestTargetID = 926687662A608C9200117A59;
					};
					926687A82A619ABE00117A59 = {
						CreatedOnToolsVersion = 14.3.1;
					};
				};
			};
			buildConfigurationList = 926687622A608C9200117A59 /* Build configuration list for PBXProject "RecipeSafe" */;
			compatibilityVersion = "Xcode 14.0";
			developmentRegion = en;
			hasScannedForEncodings = 0;
			knownRegions = (
				en,
				Base,
			);
			mainGroup = 9266875E2A608C9200117A59;
			packageReferences = (
				926687992A608E3D00117A59 /* XCRemoteSwiftPackageReference "SwiftSoup" */,
				9266879E2A6094CB00117A59 /* XCRemoteSwiftPackageReference "SwiftyJSON" */,
				920DA35C2A6F0EF70086ADB5 /* XCRemoteSwiftPackageReference "lottie-ios" */,
			);
			productRefGroup = 926687682A608C9200117A59 /* Products */;
			projectDirPath = "";
			projectRoot = "";
			targets = (
				926687662A608C9200117A59 /* RecipeSafe */,
				9266877B2A608C9300117A59 /* RecipeSafeTests */,
				926687852A608C9300117A59 /* RecipeSafeUITests */,
				926687A82A619ABE00117A59 /* Shared */,
			);
		};
/* End PBXProject section */

/* Begin PBXResourcesBuildPhase section */
		926687652A608C9200117A59 /* Resources */ = {
			isa = PBXResourcesBuildPhase;
			buildActionMask = 2147483647;
			files = (
				926687722A608C9200117A59 /* Preview Assets.xcassets in Resources */,
				9247212F2A75B94100D879CA /* Localizable.strings in Resources */,
				9266876F2A608C9200117A59 /* Assets.xcassets in Resources */,
			);
			runOnlyForDeploymentPostprocessing = 0;
		};
		9266877A2A608C9300117A59 /* Resources */ = {
			isa = PBXResourcesBuildPhase;
			buildActionMask = 2147483647;
			files = (
				9235E08C2A7EC0F4000B05EF /* test_data_3.html in Resources */,
				9235E08A2A7EBAC4000B05EF /* test_data_2.html in Resources */,
				9235E0882A7EB35F000B05EF /* test_data_1.html in Resources */,
			);
			runOnlyForDeploymentPostprocessing = 0;
		};
		926687842A608C9300117A59 /* Resources */ = {
			isa = PBXResourcesBuildPhase;
			buildActionMask = 2147483647;
			files = (
			);
			runOnlyForDeploymentPostprocessing = 0;
		};
		926687A72A619ABE00117A59 /* Resources */ = {
			isa = PBXResourcesBuildPhase;
			buildActionMask = 2147483647;
			files = (
			);
			runOnlyForDeploymentPostprocessing = 0;
		};
/* End PBXResourcesBuildPhase section */

/* Begin PBXSourcesBuildPhase section */
		926687632A608C9200117A59 /* Sources */ = {
			isa = PBXSourcesBuildPhase;
			buildActionMask = 2147483647;
			files = (
				925DCBF52A65FBFC00B84A38 /* RecipeView.swift in Sources */,
				920DA3652A70225E0086ADB5 /* EditableHeaderView.swift in Sources */,
				92E706032A8BBA9B00ACA24C /* SelectGroupsViewModel.swift in Sources */,
				929316FA2A816BF30089A55D /* ContentView.swift in Sources */,
				9201F9852A7AF14800A6021A /* RecipeJSONParser.swift in Sources */,
				9201F9802A795F9000A6021A /* EditableRecipeModel.swift in Sources */,
				9272DD282A86F72400DD4549 /* AddRecipePopover.swift in Sources */,
				9293171B2A819FA30089A55D /* CustomTextField.swift in Sources */,
				926687742A608C9200117A59 /* Persistence.swift in Sources */,
				925DCBF32A65F40A00B84A38 /* ErrorTypes.swift in Sources */,
				92E706002A8A9B8300ACA24C /* SelectGridButton.swift in Sources */,
				9266879D2A608F6400117A59 /* NetworkManager.swift in Sources */,
				9272DD1F2A867A7C00DD4549 /* GridButton.swift in Sources */,
				9268BDD02A8E51B300366964 /* TutorialPageView.swift in Sources */,
				9268BDCA2A8D18C700366964 /* UserDefaultsExtensions.swift in Sources */,
				9276896F2A93C735002C1525 /* EmptyGroupView.swift in Sources */,
				927689612A8FEE69002C1525 /* TabbedList.swift in Sources */,
				9201F9872A7AF22C00A6021A /* JSONParser.swift in Sources */,
				920DA3592A6F053A0086ADB5 /* LoadingView.swift in Sources */,
				929317202A828E2D0089A55D /* IconImage.swift in Sources */,
				926687A42A60CA9E00117A59 /* ContentViewModel.swift in Sources */,
				9272DD212A8691E600DD4549 /* InsertGridButton.swift in Sources */,
				9247212C2A75B06500D879CA /* EmptyListView.swift in Sources */,
				9201F97D2A7852AE00A6021A /* CreateRecipeViewModel.swift in Sources */,
				920DA3572A6EED7E0086ADB5 /* StringExtensions.swift in Sources */,
				920DA36B2A70270F0086ADB5 /* EditableToolbar.swift in Sources */,
				926687A22A60A26600117A59 /* Recipe.swift in Sources */,
				9293177F2A85CFE30089A55D /* GroupView.swift in Sources */,
				9276895E2A8FC90C002C1525 /* InverseRoundedRectangle.swift in Sources */,
				9293177A2A85CA180089A55D /* GroupGridView.swift in Sources */,
				926687772A608C9200117A59 /* RecipeSafe.xcdatamodeld in Sources */,
				9201F9952A7C250000A6021A /* DataManager.swift in Sources */,
				92535C232A7174F1003E30BD /* NetworkProtocol.swift in Sources */,
				9268BDC82A8C749F00366964 /* TutorialViewModel.swift in Sources */,
				926A4A8F2A71FD9000457935 /* NetworkRequest.swift in Sources */,
				9293177C2A85CA240089A55D /* GroupGridViewModel.swift in Sources */,
				920DA35B2A6F0B7E0086ADB5 /* ViewState.swift in Sources */,
				92E705FC2A8A881600ACA24C /* AppViewModel.swift in Sources */,
				920DA3682A70269F0086ADB5 /* ViewExtensions.swift in Sources */,
				9293171E2A81EB630089A55D /* ImageData.swift in Sources */,
				920DA3602A6F0F8C0086ADB5 /* LottieView.swift in Sources */,
				9276896D2A9166D0002C1525 /* ColorSet.swift in Sources */,
				9272DD1D2A85D52400DD4549 /* GroupViewModel.swift in Sources */,
				92924CDB2A673B60000EC3B8 /* RecipeViewModel.swift in Sources */,
				9268BDD42A8EEA4400366964 /* GroupHeaderImage.swift in Sources */,
				920DA3632A701BF10086ADB5 /* EditableSectionView.swift in Sources */,
				9268BDC62A8C73AB00366964 /* TutorialView.swift in Sources */,
				9272DD232A86944000DD4549 /* NewGroupPopover.swift in Sources */,
				92E705FE2A8A9A8600ACA24C /* SelectGroupsView.swift in Sources */,
				9272DD252A86D1E800DD4549 /* GroupModel.swift in Sources */,
				920DA36D2A702B830086ADB5 /* EditableDescriptionView.swift in Sources */,
				927689672A914340002C1525 /* LeftTabbedRoundedRectangle.swift in Sources */,
				9266876B2A608C9200117A59 /* RecipeSafeApp.swift in Sources */,
				927689652A90F791002C1525 /* CachedAsyncImage.swift in Sources */,
				926A4A932A72B7AC00457935 /* RecipeRequest.swift in Sources */,
			);
			runOnlyForDeploymentPostprocessing = 0;
		};
		926687782A608C9300117A59 /* Sources */ = {
			isa = PBXSourcesBuildPhase;
			buildActionMask = 2147483647;
			files = (
				921102242A7EA08100F34E5A /* NetworkManagerTests.swift in Sources */,
				9211021E2A7D6B2B00F34E5A /* MockNetworkRequest.swift in Sources */,
				921102262A7EA6BD00F34E5A /* JSONParserTests.swift in Sources */,
				9201F9972A7C50E600A6021A /* CreateRecipeViewModelTests.swift in Sources */,
				9201F99D2A7D426000A6021A /* MockDataManager.swift in Sources */,
				92E706052A8C05B800ACA24C /* AppViewModelTests.swift in Sources */,
				9272DD2A2A871D4800DD4549 /* GroupViewModelTests.swift in Sources */,
				9201F98B2A7B049100A6021A /* ContentViewModelTests.swift in Sources */,
				9211021C2A7D560F00F34E5A /* NetworkProtocolTests.swift in Sources */,
				9201F98D2A7B049F00A6021A /* RecipeViewModelTests.swift in Sources */,
				9235E08E2A7EC4B6000B05EF /* DataManagerTests.swift in Sources */,
				929E1E762A87FF9D00A0596D /* GroupGridViewModelTests.swift in Sources */,
				9201F99B2A7C843600A6021A /* MockNetworkManager.swift in Sources */,
			);
			runOnlyForDeploymentPostprocessing = 0;
		};
		926687822A608C9300117A59 /* Sources */ = {
			isa = PBXSourcesBuildPhase;
			buildActionMask = 2147483647;
			files = (
				9266878B2A608C9300117A59 /* RecipeSafeUITests.swift in Sources */,
				9266878D2A608C9300117A59 /* RecipeSafeUITestsLaunchTests.swift in Sources */,
			);
			runOnlyForDeploymentPostprocessing = 0;
		};
		926687A52A619ABE00117A59 /* Sources */ = {
			isa = PBXSourcesBuildPhase;
			buildActionMask = 2147483647;
			files = (
				926687AC2A619ABE00117A59 /* ShareViewController.swift in Sources */,
			);
			runOnlyForDeploymentPostprocessing = 0;
		};
/* End PBXSourcesBuildPhase section */

/* Begin PBXTargetDependency section */
		9266877E2A608C9300117A59 /* PBXTargetDependency */ = {
			isa = PBXTargetDependency;
			target = 926687662A608C9200117A59 /* RecipeSafe */;
			targetProxy = 9266877D2A608C9300117A59 /* PBXContainerItemProxy */;
		};
		926687882A608C9300117A59 /* PBXTargetDependency */ = {
			isa = PBXTargetDependency;
			target = 926687662A608C9200117A59 /* RecipeSafe */;
			targetProxy = 926687872A608C9300117A59 /* PBXContainerItemProxy */;
		};
		926687B22A619ABE00117A59 /* PBXTargetDependency */ = {
			isa = PBXTargetDependency;
			target = 926687A82A619ABE00117A59 /* Shared */;
			targetProxy = 926687B12A619ABE00117A59 /* PBXContainerItemProxy */;
		};
/* End PBXTargetDependency section */

/* Begin XCBuildConfiguration section */
		9266878E2A608C9300117A59 /* Debug */ = {
			isa = XCBuildConfiguration;
			buildSettings = {
				ALWAYS_SEARCH_USER_PATHS = NO;
				CLANG_ANALYZER_NONNULL = YES;
				CLANG_ANALYZER_NUMBER_OBJECT_CONVERSION = YES_AGGRESSIVE;
				CLANG_CXX_LANGUAGE_STANDARD = "gnu++20";
				CLANG_ENABLE_MODULES = YES;
				CLANG_ENABLE_OBJC_ARC = YES;
				CLANG_ENABLE_OBJC_WEAK = YES;
				CLANG_WARN_BLOCK_CAPTURE_AUTORELEASING = YES;
				CLANG_WARN_BOOL_CONVERSION = YES;
				CLANG_WARN_COMMA = YES;
				CLANG_WARN_CONSTANT_CONVERSION = YES;
				CLANG_WARN_DEPRECATED_OBJC_IMPLEMENTATIONS = YES;
				CLANG_WARN_DIRECT_OBJC_ISA_USAGE = YES_ERROR;
				CLANG_WARN_DOCUMENTATION_COMMENTS = YES;
				CLANG_WARN_EMPTY_BODY = YES;
				CLANG_WARN_ENUM_CONVERSION = YES;
				CLANG_WARN_INFINITE_RECURSION = YES;
				CLANG_WARN_INT_CONVERSION = YES;
				CLANG_WARN_NON_LITERAL_NULL_CONVERSION = YES;
				CLANG_WARN_OBJC_IMPLICIT_RETAIN_SELF = YES;
				CLANG_WARN_OBJC_LITERAL_CONVERSION = YES;
				CLANG_WARN_OBJC_ROOT_CLASS = YES_ERROR;
				CLANG_WARN_QUOTED_INCLUDE_IN_FRAMEWORK_HEADER = YES;
				CLANG_WARN_RANGE_LOOP_ANALYSIS = YES;
				CLANG_WARN_STRICT_PROTOTYPES = YES;
				CLANG_WARN_SUSPICIOUS_MOVE = YES;
				CLANG_WARN_UNGUARDED_AVAILABILITY = YES_AGGRESSIVE;
				CLANG_WARN_UNREACHABLE_CODE = YES;
				CLANG_WARN__DUPLICATE_METHOD_MATCH = YES;
				COPY_PHASE_STRIP = NO;
				DEBUG_INFORMATION_FORMAT = dwarf;
				ENABLE_STRICT_OBJC_MSGSEND = YES;
				ENABLE_TESTABILITY = YES;
				GCC_C_LANGUAGE_STANDARD = gnu11;
				GCC_DYNAMIC_NO_PIC = NO;
				GCC_NO_COMMON_BLOCKS = YES;
				GCC_OPTIMIZATION_LEVEL = 0;
				GCC_PREPROCESSOR_DEFINITIONS = (
					"DEBUG=1",
					"$(inherited)",
				);
				GCC_WARN_64_TO_32_BIT_CONVERSION = YES;
				GCC_WARN_ABOUT_RETURN_TYPE = YES_ERROR;
				GCC_WARN_UNDECLARED_SELECTOR = YES;
				GCC_WARN_UNINITIALIZED_AUTOS = YES_AGGRESSIVE;
				GCC_WARN_UNUSED_FUNCTION = YES;
				GCC_WARN_UNUSED_VARIABLE = YES;
				IPHONEOS_DEPLOYMENT_TARGET = 16.4;
				MTL_ENABLE_DEBUG_INFO = INCLUDE_SOURCE;
				MTL_FAST_MATH = YES;
				ONLY_ACTIVE_ARCH = YES;
				SDKROOT = iphoneos;
				SWIFT_ACTIVE_COMPILATION_CONDITIONS = DEBUG;
				SWIFT_OPTIMIZATION_LEVEL = "-Onone";
			};
			name = Debug;
		};
		9266878F2A608C9300117A59 /* Release */ = {
			isa = XCBuildConfiguration;
			buildSettings = {
				ALWAYS_SEARCH_USER_PATHS = NO;
				CLANG_ANALYZER_NONNULL = YES;
				CLANG_ANALYZER_NUMBER_OBJECT_CONVERSION = YES_AGGRESSIVE;
				CLANG_CXX_LANGUAGE_STANDARD = "gnu++20";
				CLANG_ENABLE_MODULES = YES;
				CLANG_ENABLE_OBJC_ARC = YES;
				CLANG_ENABLE_OBJC_WEAK = YES;
				CLANG_WARN_BLOCK_CAPTURE_AUTORELEASING = YES;
				CLANG_WARN_BOOL_CONVERSION = YES;
				CLANG_WARN_COMMA = YES;
				CLANG_WARN_CONSTANT_CONVERSION = YES;
				CLANG_WARN_DEPRECATED_OBJC_IMPLEMENTATIONS = YES;
				CLANG_WARN_DIRECT_OBJC_ISA_USAGE = YES_ERROR;
				CLANG_WARN_DOCUMENTATION_COMMENTS = YES;
				CLANG_WARN_EMPTY_BODY = YES;
				CLANG_WARN_ENUM_CONVERSION = YES;
				CLANG_WARN_INFINITE_RECURSION = YES;
				CLANG_WARN_INT_CONVERSION = YES;
				CLANG_WARN_NON_LITERAL_NULL_CONVERSION = YES;
				CLANG_WARN_OBJC_IMPLICIT_RETAIN_SELF = YES;
				CLANG_WARN_OBJC_LITERAL_CONVERSION = YES;
				CLANG_WARN_OBJC_ROOT_CLASS = YES_ERROR;
				CLANG_WARN_QUOTED_INCLUDE_IN_FRAMEWORK_HEADER = YES;
				CLANG_WARN_RANGE_LOOP_ANALYSIS = YES;
				CLANG_WARN_STRICT_PROTOTYPES = YES;
				CLANG_WARN_SUSPICIOUS_MOVE = YES;
				CLANG_WARN_UNGUARDED_AVAILABILITY = YES_AGGRESSIVE;
				CLANG_WARN_UNREACHABLE_CODE = YES;
				CLANG_WARN__DUPLICATE_METHOD_MATCH = YES;
				COPY_PHASE_STRIP = NO;
				DEBUG_INFORMATION_FORMAT = "dwarf-with-dsym";
				ENABLE_NS_ASSERTIONS = NO;
				ENABLE_STRICT_OBJC_MSGSEND = YES;
				GCC_C_LANGUAGE_STANDARD = gnu11;
				GCC_NO_COMMON_BLOCKS = YES;
				GCC_WARN_64_TO_32_BIT_CONVERSION = YES;
				GCC_WARN_ABOUT_RETURN_TYPE = YES_ERROR;
				GCC_WARN_UNDECLARED_SELECTOR = YES;
				GCC_WARN_UNINITIALIZED_AUTOS = YES_AGGRESSIVE;
				GCC_WARN_UNUSED_FUNCTION = YES;
				GCC_WARN_UNUSED_VARIABLE = YES;
				IPHONEOS_DEPLOYMENT_TARGET = 16.4;
				MTL_ENABLE_DEBUG_INFO = NO;
				MTL_FAST_MATH = YES;
				SDKROOT = iphoneos;
				SWIFT_COMPILATION_MODE = wholemodule;
				SWIFT_OPTIMIZATION_LEVEL = "-O";
				VALIDATE_PRODUCT = YES;
			};
			name = Release;
		};
		926687912A608C9300117A59 /* Debug */ = {
			isa = XCBuildConfiguration;
			baseConfigurationReference = 926A4A952A748AD100457935 /* config.xcconfig */;
			buildSettings = {
				ALWAYS_EMBED_SWIFT_STANDARD_LIBRARIES = YES;
				ASSETCATALOG_COMPILER_APPICON_NAME = AppIcon;
				ASSETCATALOG_COMPILER_GLOBAL_ACCENT_COLOR_NAME = AccentColor;
				CODE_SIGN_ENTITLEMENTS = RecipeSafe/RecipeSafe.entitlements;
				CODE_SIGN_STYLE = Automatic;
				CURRENT_PROJECT_VERSION = 1;
				DEVELOPMENT_ASSET_PATHS = "\"RecipeSafe/Preview Content\"";
				DEVELOPMENT_TEAM = LT8F54FWJ7;
				ENABLE_PREVIEWS = YES;
				GENERATE_INFOPLIST_FILE = YES;
				INFOPLIST_FILE = RecipeSafe/Info.plist;
				INFOPLIST_KEY_UIApplicationSceneManifest_Generation = YES;
				INFOPLIST_KEY_UIApplicationSupportsIndirectInputEvents = YES;
				INFOPLIST_KEY_UISupportedInterfaceOrientations = "UIInterfaceOrientationLandscapeLeft UIInterfaceOrientationLandscapeRight UIInterfaceOrientationPortrait";
				INFOPLIST_KEY_UISupportedInterfaceOrientations_iPad = "UIInterfaceOrientationLandscapeLeft UIInterfaceOrientationLandscapeRight UIInterfaceOrientationPortrait UIInterfaceOrientationPortraitUpsideDown";
				LD_RUNPATH_SEARCH_PATHS = (
					"$(inherited)",
					"@executable_path/Frameworks",
				);
				MARKETING_VERSION = 1.1;
				PRODUCT_BUNDLE_IDENTIFIER = com.seane.RecipeSafe;
				PRODUCT_NAME = "$(TARGET_NAME)";
				SUPPORTED_PLATFORMS = "iphoneos iphonesimulator";
				SUPPORTS_MACCATALYST = NO;
				SUPPORTS_MAC_DESIGNED_FOR_IPHONE_IPAD = NO;
				SWIFT_EMIT_LOC_STRINGS = YES;
				SWIFT_VERSION = 5.0;
				TARGETED_DEVICE_FAMILY = 1;
			};
			name = Debug;
		};
		926687922A608C9300117A59 /* Release */ = {
			isa = XCBuildConfiguration;
			baseConfigurationReference = 926A4A952A748AD100457935 /* config.xcconfig */;
			buildSettings = {
				ALWAYS_EMBED_SWIFT_STANDARD_LIBRARIES = YES;
				ASSETCATALOG_COMPILER_APPICON_NAME = AppIcon;
				ASSETCATALOG_COMPILER_GLOBAL_ACCENT_COLOR_NAME = AccentColor;
				CODE_SIGN_ENTITLEMENTS = RecipeSafe/RecipeSafe.entitlements;
				CODE_SIGN_STYLE = Automatic;
				CURRENT_PROJECT_VERSION = 1;
				DEVELOPMENT_ASSET_PATHS = "\"RecipeSafe/Preview Content\"";
				DEVELOPMENT_TEAM = LT8F54FWJ7;
				ENABLE_PREVIEWS = YES;
				GENERATE_INFOPLIST_FILE = YES;
				INFOPLIST_FILE = RecipeSafe/Info.plist;
				INFOPLIST_KEY_UIApplicationSceneManifest_Generation = YES;
				INFOPLIST_KEY_UIApplicationSupportsIndirectInputEvents = YES;
				INFOPLIST_KEY_UISupportedInterfaceOrientations = "UIInterfaceOrientationLandscapeLeft UIInterfaceOrientationLandscapeRight UIInterfaceOrientationPortrait";
				INFOPLIST_KEY_UISupportedInterfaceOrientations_iPad = "UIInterfaceOrientationLandscapeLeft UIInterfaceOrientationLandscapeRight UIInterfaceOrientationPortrait UIInterfaceOrientationPortraitUpsideDown";
				LD_RUNPATH_SEARCH_PATHS = (
					"$(inherited)",
					"@executable_path/Frameworks",
				);
				MARKETING_VERSION = 1.1;
				PRODUCT_BUNDLE_IDENTIFIER = com.seane.RecipeSafe;
				PRODUCT_NAME = "$(TARGET_NAME)";
				SUPPORTED_PLATFORMS = "iphoneos iphonesimulator";
				SUPPORTS_MACCATALYST = NO;
				SUPPORTS_MAC_DESIGNED_FOR_IPHONE_IPAD = NO;
				SWIFT_EMIT_LOC_STRINGS = YES;
				SWIFT_VERSION = 5.0;
				TARGETED_DEVICE_FAMILY = 1;
			};
			name = Release;
		};
		926687942A608C9300117A59 /* Debug */ = {
			isa = XCBuildConfiguration;
			buildSettings = {
				ALWAYS_EMBED_SWIFT_STANDARD_LIBRARIES = YES;
				BUNDLE_LOADER = "$(TEST_HOST)";
				CODE_SIGN_STYLE = Automatic;
				CURRENT_PROJECT_VERSION = 1;
				DEVELOPMENT_TEAM = LT8F54FWJ7;
				GENERATE_INFOPLIST_FILE = YES;
				IPHONEOS_DEPLOYMENT_TARGET = 16.4;
				MARKETING_VERSION = 1.0;
				PRODUCT_BUNDLE_IDENTIFIER = com.seane.RecipeSafeTests;
				PRODUCT_NAME = "$(TARGET_NAME)";
				SUPPORTED_PLATFORMS = "iphoneos iphonesimulator";
				SUPPORTS_MACCATALYST = NO;
				SUPPORTS_MAC_DESIGNED_FOR_IPHONE_IPAD = NO;
				SWIFT_EMIT_LOC_STRINGS = NO;
				SWIFT_VERSION = 5.0;
				TARGETED_DEVICE_FAMILY = 1;
				TEST_HOST = "$(BUILT_PRODUCTS_DIR)/RecipeSafe.app/$(BUNDLE_EXECUTABLE_FOLDER_PATH)/RecipeSafe";
			};
			name = Debug;
		};
		926687952A608C9300117A59 /* Release */ = {
			isa = XCBuildConfiguration;
			buildSettings = {
				ALWAYS_EMBED_SWIFT_STANDARD_LIBRARIES = YES;
				BUNDLE_LOADER = "$(TEST_HOST)";
				CODE_SIGN_STYLE = Automatic;
				CURRENT_PROJECT_VERSION = 1;
				DEVELOPMENT_TEAM = LT8F54FWJ7;
				GENERATE_INFOPLIST_FILE = YES;
				IPHONEOS_DEPLOYMENT_TARGET = 16.4;
				MARKETING_VERSION = 1.0;
				PRODUCT_BUNDLE_IDENTIFIER = com.seane.RecipeSafeTests;
				PRODUCT_NAME = "$(TARGET_NAME)";
				SUPPORTED_PLATFORMS = "iphoneos iphonesimulator";
				SUPPORTS_MACCATALYST = NO;
				SUPPORTS_MAC_DESIGNED_FOR_IPHONE_IPAD = NO;
				SWIFT_EMIT_LOC_STRINGS = NO;
				SWIFT_VERSION = 5.0;
				TARGETED_DEVICE_FAMILY = 1;
				TEST_HOST = "$(BUILT_PRODUCTS_DIR)/RecipeSafe.app/$(BUNDLE_EXECUTABLE_FOLDER_PATH)/RecipeSafe";
			};
			name = Release;
		};
		926687972A608C9300117A59 /* Debug */ = {
			isa = XCBuildConfiguration;
			buildSettings = {
				ALWAYS_EMBED_SWIFT_STANDARD_LIBRARIES = YES;
				CODE_SIGN_STYLE = Automatic;
				CURRENT_PROJECT_VERSION = 1;
				DEVELOPMENT_TEAM = LT8F54FWJ7;
				GENERATE_INFOPLIST_FILE = YES;
				MARKETING_VERSION = 1.0;
				PRODUCT_BUNDLE_IDENTIFIER = com.seane.RecipeSafeUITests;
				PRODUCT_NAME = "$(TARGET_NAME)";
				SWIFT_EMIT_LOC_STRINGS = NO;
				SWIFT_VERSION = 5.0;
				TARGETED_DEVICE_FAMILY = "1,2";
				TEST_TARGET_NAME = RecipeSafe;
			};
			name = Debug;
		};
		926687982A608C9300117A59 /* Release */ = {
			isa = XCBuildConfiguration;
			buildSettings = {
				ALWAYS_EMBED_SWIFT_STANDARD_LIBRARIES = YES;
				CODE_SIGN_STYLE = Automatic;
				CURRENT_PROJECT_VERSION = 1;
				DEVELOPMENT_TEAM = LT8F54FWJ7;
				GENERATE_INFOPLIST_FILE = YES;
				MARKETING_VERSION = 1.0;
				PRODUCT_BUNDLE_IDENTIFIER = com.seane.RecipeSafeUITests;
				PRODUCT_NAME = "$(TARGET_NAME)";
				SWIFT_EMIT_LOC_STRINGS = NO;
				SWIFT_VERSION = 5.0;
				TARGETED_DEVICE_FAMILY = "1,2";
				TEST_TARGET_NAME = RecipeSafe;
			};
			name = Release;
		};
		926687B52A619ABE00117A59 /* Debug */ = {
			isa = XCBuildConfiguration;
			buildSettings = {
				CODE_SIGN_ENTITLEMENTS = Shared/Shared.entitlements;
				CODE_SIGN_STYLE = Automatic;
				CURRENT_PROJECT_VERSION = 1;
				DEVELOPMENT_TEAM = LT8F54FWJ7;
				GENERATE_INFOPLIST_FILE = YES;
				INFOPLIST_FILE = Shared/Info.plist;
				INFOPLIST_KEY_CFBundleDisplayName = Shared;
				INFOPLIST_KEY_NSHumanReadableCopyright = "";
				LD_RUNPATH_SEARCH_PATHS = (
					"$(inherited)",
					"@executable_path/Frameworks",
					"@executable_path/../../Frameworks",
				);
				MARKETING_VERSION = 1.1;
				PRODUCT_BUNDLE_IDENTIFIER = com.seane.RecipeSafe.Shared;
				PRODUCT_NAME = "$(TARGET_NAME)";
				SKIP_INSTALL = YES;
				SWIFT_EMIT_LOC_STRINGS = YES;
				SWIFT_VERSION = 5.0;
				TARGETED_DEVICE_FAMILY = 1;
			};
			name = Debug;
		};
		926687B62A619ABE00117A59 /* Release */ = {
			isa = XCBuildConfiguration;
			buildSettings = {
				CODE_SIGN_ENTITLEMENTS = Shared/Shared.entitlements;
				CODE_SIGN_STYLE = Automatic;
				CURRENT_PROJECT_VERSION = 1;
				DEVELOPMENT_TEAM = LT8F54FWJ7;
				GENERATE_INFOPLIST_FILE = YES;
				INFOPLIST_FILE = Shared/Info.plist;
				INFOPLIST_KEY_CFBundleDisplayName = Shared;
				INFOPLIST_KEY_NSHumanReadableCopyright = "";
				LD_RUNPATH_SEARCH_PATHS = (
					"$(inherited)",
					"@executable_path/Frameworks",
					"@executable_path/../../Frameworks",
				);
				MARKETING_VERSION = 1.1;
				PRODUCT_BUNDLE_IDENTIFIER = com.seane.RecipeSafe.Shared;
				PRODUCT_NAME = "$(TARGET_NAME)";
				SKIP_INSTALL = YES;
				SWIFT_EMIT_LOC_STRINGS = YES;
				SWIFT_VERSION = 5.0;
				TARGETED_DEVICE_FAMILY = 1;
			};
			name = Release;
		};
/* End XCBuildConfiguration section */

/* Begin XCConfigurationList section */
		926687622A608C9200117A59 /* Build configuration list for PBXProject "RecipeSafe" */ = {
			isa = XCConfigurationList;
			buildConfigurations = (
				9266878E2A608C9300117A59 /* Debug */,
				9266878F2A608C9300117A59 /* Release */,
			);
			defaultConfigurationIsVisible = 0;
			defaultConfigurationName = Release;
		};
		926687902A608C9300117A59 /* Build configuration list for PBXNativeTarget "RecipeSafe" */ = {
			isa = XCConfigurationList;
			buildConfigurations = (
				926687912A608C9300117A59 /* Debug */,
				926687922A608C9300117A59 /* Release */,
			);
			defaultConfigurationIsVisible = 0;
			defaultConfigurationName = Release;
		};
		926687932A608C9300117A59 /* Build configuration list for PBXNativeTarget "RecipeSafeTests" */ = {
			isa = XCConfigurationList;
			buildConfigurations = (
				926687942A608C9300117A59 /* Debug */,
				926687952A608C9300117A59 /* Release */,
			);
			defaultConfigurationIsVisible = 0;
			defaultConfigurationName = Release;
		};
		926687962A608C9300117A59 /* Build configuration list for PBXNativeTarget "RecipeSafeUITests" */ = {
			isa = XCConfigurationList;
			buildConfigurations = (
				926687972A608C9300117A59 /* Debug */,
				926687982A608C9300117A59 /* Release */,
			);
			defaultConfigurationIsVisible = 0;
			defaultConfigurationName = Release;
		};
		926687B72A619ABE00117A59 /* Build configuration list for PBXNativeTarget "Shared" */ = {
			isa = XCConfigurationList;
			buildConfigurations = (
				926687B52A619ABE00117A59 /* Debug */,
				926687B62A619ABE00117A59 /* Release */,
			);
			defaultConfigurationIsVisible = 0;
			defaultConfigurationName = Release;
		};
/* End XCConfigurationList section */

/* Begin XCRemoteSwiftPackageReference section */
		920DA35C2A6F0EF70086ADB5 /* XCRemoteSwiftPackageReference "lottie-ios" */ = {
			isa = XCRemoteSwiftPackageReference;
			repositoryURL = "https://github.com/airbnb/lottie-ios.git";
			requirement = {
				kind = upToNextMajorVersion;
				minimumVersion = 4.0.0;
			};
		};
		926687992A608E3D00117A59 /* XCRemoteSwiftPackageReference "SwiftSoup" */ = {
			isa = XCRemoteSwiftPackageReference;
			repositoryURL = "https://github.com/scinfu/SwiftSoup.git";
			requirement = {
				kind = upToNextMajorVersion;
				minimumVersion = 2.0.0;
			};
		};
		9266879E2A6094CB00117A59 /* XCRemoteSwiftPackageReference "SwiftyJSON" */ = {
			isa = XCRemoteSwiftPackageReference;
			repositoryURL = "https://github.com/SwiftyJSON/SwiftyJSON.git";
			requirement = {
				kind = upToNextMajorVersion;
				minimumVersion = 5.0.0;
			};
		};
/* End XCRemoteSwiftPackageReference section */

/* Begin XCSwiftPackageProductDependency section */
		920DA35D2A6F0EF70086ADB5 /* Lottie */ = {
			isa = XCSwiftPackageProductDependency;
			package = 920DA35C2A6F0EF70086ADB5 /* XCRemoteSwiftPackageReference "lottie-ios" */;
			productName = Lottie;
		};
		9266879A2A608E3D00117A59 /* SwiftSoup */ = {
			isa = XCSwiftPackageProductDependency;
			package = 926687992A608E3D00117A59 /* XCRemoteSwiftPackageReference "SwiftSoup" */;
			productName = SwiftSoup;
		};
		9266879F2A6094CB00117A59 /* SwiftyJSON */ = {
			isa = XCSwiftPackageProductDependency;
			package = 9266879E2A6094CB00117A59 /* XCRemoteSwiftPackageReference "SwiftyJSON" */;
			productName = SwiftyJSON;
		};
/* End XCSwiftPackageProductDependency section */

/* Begin XCVersionGroup section */
		926687752A608C9200117A59 /* RecipeSafe.xcdatamodeld */ = {
			isa = XCVersionGroup;
			children = (
				926687762A608C9200117A59 /* RecipeSafe.xcdatamodel */,
			);
			currentVersion = 926687762A608C9200117A59 /* RecipeSafe.xcdatamodel */;
			path = RecipeSafe.xcdatamodeld;
			sourceTree = "<group>";
			versionGroupType = wrapper.xcdatamodel;
		};
/* End XCVersionGroup section */
	};
	rootObject = 9266875F2A608C9200117A59 /* Project object */;
}
